// !$*UTF8*$!
{
	archiveVersion = 1;
	classes = {
	};
	objectVersion = 46;
	objects = {

/* Begin PBXBuildFile section */
		677383371F1E0D480023FC06 /* main.m in Sources */ = {isa = PBXBuildFile; fileRef = 677383361F1E0D480023FC06 /* main.m */; };
		6773833A1F1E0D480023FC06 /* AppDelegate.m in Sources */ = {isa = PBXBuildFile; fileRef = 677383391F1E0D480023FC06 /* AppDelegate.m */; };
		677383401F1E0D480023FC06 /* Main.storyboard in Resources */ = {isa = PBXBuildFile; fileRef = 6773833E1F1E0D480023FC06 /* Main.storyboard */; };
		677383421F1E0D480023FC06 /* Assets.xcassets in Resources */ = {isa = PBXBuildFile; fileRef = 677383411F1E0D480023FC06 /* Assets.xcassets */; };
		677383451F1E0D480023FC06 /* LaunchScreen.storyboard in Resources */ = {isa = PBXBuildFile; fileRef = 677383431F1E0D480023FC06 /* LaunchScreen.storyboard */; };
		6773834E1F1E0D630023FC06 /* ViewController.m in Sources */ = {isa = PBXBuildFile; fileRef = 6773834D1F1E0D630023FC06 /* ViewController.m */; };
		677383531F1E0D6D0023FC06 /* BulletManage.m in Sources */ = {isa = PBXBuildFile; fileRef = 677383501F1E0D6D0023FC06 /* BulletManage.m */; };
		677383541F1E0D6D0023FC06 /* BulletView.m in Sources */ = {isa = PBXBuildFile; fileRef = 677383521F1E0D6D0023FC06 /* BulletView.m */; };
/* End PBXBuildFile section */

/* Begin PBXFileReference section */
		677383321F1E0D480023FC06 /* DanMu.app */ = {isa = PBXFileReference; explicitFileType = wrapper.application; includeInIndex = 0; path = DanMu.app; sourceTree = BUILT_PRODUCTS_DIR; };
		677383361F1E0D480023FC06 /* main.m */ = {isa = PBXFileReference; lastKnownFileType = sourcecode.c.objc; path = main.m; sourceTree = "<group>"; };
		677383381F1E0D480023FC06 /* AppDelegate.h */ = {isa = PBXFileReference; lastKnownFileType = sourcecode.c.h; path = AppDelegate.h; sourceTree = "<group>"; };
		677383391F1E0D480023FC06 /* AppDelegate.m */ = {isa = PBXFileReference; lastKnownFileType = sourcecode.c.objc; path = AppDelegate.m; sourceTree = "<group>"; };
		6773833F1F1E0D480023FC06 /* Base */ = {isa = PBXFileReference; lastKnownFileType = file.storyboard; name = Base; path = Base.lproj/Main.storyboard; sourceTree = "<group>"; };
		677383411F1E0D480023FC06 /* Assets.xcassets */ = {isa = PBXFileReference; lastKnownFileType = folder.assetcatalog; path = Assets.xcassets; sourceTree = "<group>"; };
		677383441F1E0D480023FC06 /* Base */ = {isa = PBXFileReference; lastKnownFileType = file.storyboard; name = Base; path = Base.lproj/LaunchScreen.storyboard; sourceTree = "<group>"; };
		677383461F1E0D480023FC06 /* Info.plist */ = {isa = PBXFileReference; lastKnownFileType = text.plist.xml; path = Info.plist; sourceTree = "<group>"; };
		6773834C1F1E0D630023FC06 /* ViewController.h */ = {isa = PBXFileReference; fileEncoding = 4; lastKnownFileType = sourcecode.c.h; path = ViewController.h; sourceTree = "<group>"; };
		6773834D1F1E0D630023FC06 /* ViewController.m */ = {isa = PBXFileReference; fileEncoding = 4; lastKnownFileType = sourcecode.c.objc; path = ViewController.m; sourceTree = "<group>"; };
		6773834F1F1E0D6D0023FC06 /* BulletManage.h */ = {isa = PBXFileReference; fileEncoding = 4; lastKnownFileType = sourcecode.c.h; path = BulletManage.h; sourceTree = "<group>"; };
		677383501F1E0D6D0023FC06 /* BulletManage.m */ = {isa = PBXFileReference; fileEncoding = 4; lastKnownFileType = sourcecode.c.objc; path = BulletManage.m; sourceTree = "<group>"; };
		677383511F1E0D6D0023FC06 /* BulletView.h */ = {isa = PBXFileReference; fileEncoding = 4; lastKnownFileType = sourcecode.c.h; path = BulletView.h; sourceTree = "<group>"; };
		677383521F1E0D6D0023FC06 /* BulletView.m */ = {isa = PBXFileReference; fileEncoding = 4; lastKnownFileType = sourcecode.c.objc; path = BulletView.m; sourceTree = "<group>"; };
/* End PBXFileReference section */

/* Begin PBXFrameworksBuildPhase section */
		6773832F1F1E0D480023FC06 /* Frameworks */ = {
			isa = PBXFrameworksBuildPhase;
			buildActionMask = 2147483647;
			files = (
			);
			runOnlyForDeploymentPostprocessing = 0;
		};
/* End PBXFrameworksBuildPhase section */

/* Begin PBXGroup section */
		677383291F1E0D480023FC06 = {
			isa = PBXGroup;
			children = (
				677383341F1E0D480023FC06 /* DanMu */,
				677383331F1E0D480023FC06 /* Products */,
			);
			sourceTree = "<group>";
		};
		677383331F1E0D480023FC06 /* Products */ = {
			isa = PBXGroup;
			children = (
				677383321F1E0D480023FC06 /* DanMu.app */,
			);
			name = Products;
			sourceTree = "<group>";
		};
		677383341F1E0D480023FC06 /* DanMu */ = {
			isa = PBXGroup;
			children = (
				677383381F1E0D480023FC06 /* AppDelegate.h */,
				677383391F1E0D480023FC06 /* AppDelegate.m */,
				6773834C1F1E0D630023FC06 /* ViewController.h */,
				6773834D1F1E0D630023FC06 /* ViewController.m */,
				6773834F1F1E0D6D0023FC06 /* BulletManage.h */,
				677383501F1E0D6D0023FC06 /* BulletManage.m */,
				677383511F1E0D6D0023FC06 /* BulletView.h */,
				677383521F1E0D6D0023FC06 /* BulletView.m */,
				6773833E1F1E0D480023FC06 /* Main.storyboard */,
				677383411F1E0D480023FC06 /* Assets.xcassets */,
				677383431F1E0D480023FC06 /* LaunchScreen.storyboard */,
				677383461F1E0D480023FC06 /* Info.plist */,
				677383351F1E0D480023FC06 /* Supporting Files */,
			);
			path = DanMu;
			sourceTree = "<group>";
		};
		677383351F1E0D480023FC06 /* Supporting Files */ = {
			isa = PBXGroup;
			children = (
				677383361F1E0D480023FC06 /* main.m */,
			);
			name = "Supporting Files";
			sourceTree = "<group>";
		};
/* End PBXGroup section */

/* Begin PBXNativeTarget section */
		677383311F1E0D480023FC06 /* DanMu */ = {
			isa = PBXNativeTarget;
			buildConfigurationList = 677383491F1E0D480023FC06 /* Build configuration list for PBXNativeTarget "DanMu" */;
			buildPhases = (
				6773832E1F1E0D480023FC06 /* Sources */,
				6773832F1F1E0D480023FC06 /* Frameworks */,
				677383301F1E0D480023FC06 /* Resources */,
			);
			buildRules = (
			);
			dependencies = (
			);
			name = DanMu;
			productName = DanMu;
			productReference = 677383321F1E0D480023FC06 /* DanMu.app */;
			productType = "com.apple.product-type.application";
		};
/* End PBXNativeTarget section */

/* Begin PBXProject section */
		6773832A1F1E0D480023FC06 /* Project object */ = {
			isa = PBXProject;
			attributes = {
				LastUpgradeCheck = 0830;
				ORGANIZATIONNAME = m.zintao;
				TargetAttributes = {
					677383311F1E0D480023FC06 = {
						CreatedOnToolsVersion = 8.3.1;
						DevelopmentTeam = NN3YM25JE4;
						ProvisioningStyle = Automatic;
					};
				};
			};
			buildConfigurationList = 6773832D1F1E0D480023FC06 /* Build configuration list for PBXProject "DanMu" */;
			compatibilityVersion = "Xcode 3.2";
			developmentRegion = English;
			hasScannedForEncodings = 0;
			knownRegions = (
				en,
				Base,
			);
			mainGroup = 677383291F1E0D480023FC06;
			productRefGroup = 677383331F1E0D480023FC06 /* Products */;
			projectDirPath = "";
			projectRoot = "";
			targets = (
				677383311F1E0D480023FC06 /* DanMu */,
			);
		};
/* End PBXProject section */

/* Begin PBXResourcesBuildPhase section */
		677383301F1E0D480023FC06 /* Resources */ = {
			isa = PBXResourcesBuildPhase;
			buildActionMask = 2147483647;
			files = (
				677383451F1E0D480023FC06 /* LaunchScreen.storyboard in Resources */,
				677383421F1E0D480023FC06 /* Assets.xcassets in Resources */,
				677383401F1E0D480023FC06 /* Main.storyboard in Resources */,
			);
			runOnlyForDeploymentPostprocessing = 0;
		};
/* End PBXResourcesBuildPhase section */

/* Begin PBXSourcesBuildPhase section */
		6773832E1F1E0D480023FC06 /* Sources */ = {
			isa = PBXSourcesBuildPhase;
			buildActionMask = 2147483647;
			files = (
				6773834E1F1E0D630023FC06 /* ViewController.m in Sources */,
				6773833A1F1E0D480023FC06 /* AppDelegate.m in Sources */,
				677383531F1E0D6D0023FC06 /* BulletManage.m in Sources */,
				677383541F1E0D6D0023FC06 /* BulletView.m in Sources */,
				677383371F1E0D480023FC06 /* main.m in Sources */,
			);
			runOnlyForDeploymentPostprocessing = 0;
		};
/* End PBXSourcesBuildPhase section */

/* Begin PBXVariantGroup section */
		6773833E1F1E0D480023FC06 /* Main.storyboard */ = {
			isa = PBXVariantGroup;
			children = (
				6773833F1F1E0D480023FC06 /* Base */,
			);
			name = Main.storyboard;
			sourceTree = "<group>";
		};
		677383431F1E0D480023FC06 /* LaunchScreen.storyboard */ = {
			isa = PBXVariantGroup;
			children = (
				677383441F1E0D480023FC06 /* Base */,
			);
			name = LaunchScreen.storyboard;
			sourceTree = "<group>";
		};
/* End PBXVariantGroup section */

/* Begin XCBuildConfiguration section */
		677383471F1E0D480023FC06 /* Debug */ = {
			isa = XCBuildConfiguration;
			buildSettings = {
				ALWAYS_SEARCH_USER_PATHS = NO;
				CLANG_ANALYZER_NONNULL = YES;
				CLANG_ANALYZER_NUMBER_OBJECT_CONVERSION = YES_AGGRESSIVE;
				CLANG_CXX_LANGUAGE_STANDARD = "gnu++0x";
				CLANG_CXX_LIBRARY = "libc++";
				CLANG_ENABLE_MODULES = YES;
				CLANG_ENABLE_OBJC_ARC = YES;
				CLANG_WARN_BOOL_CONVERSION = YES;
				CLANG_WARN_CONSTANT_CONVERSION = YES;
				CLANG_WARN_DIRECT_OBJC_ISA_USAGE = YES_ERROR;
				CLANG_WARN_DOCUMENTATION_COMMENTS = YES;
				CLANG_WARN_EMPTY_BODY = YES;
				CLANG_WARN_ENUM_CONVERSION = YES;
				CLANG_WARN_INFINITE_RECURSION = YES;
				CLANG_WARN_INT_CONVERSION = YES;
				CLANG_WARN_OBJC_ROOT_CLASS = YES_ERROR;
				CLANG_WARN_SUSPICIOUS_MOVE = YES;
				CLANG_WARN_UNREACHABLE_CODE = YES;
				CLANG_WARN__DUPLICATE_METHOD_MATCH = YES;
				"CODE_SIGN_IDENTITY[sdk=iphoneos*]" = "iPhone Developer";
				COPY_PHASE_STRIP = NO;
				DEBUG_INFORMATION_FORMAT = dwarf;
				ENABLE_STRICT_OBJC_MSGSEND = YES;
				ENABLE_TESTABILITY = YES;
				GCC_C_LANGUAGE_STANDARD = gnu99;
				GCC_DYNAMIC_NO_PIC = NO;
				GCC_NO_COMMON_BLOCKS = YES;
				GCC_OPTIMIZATION_LEVEL = 0;
				GCC_PREPROCESSOR_DEFINITIONS = (
					"DEBUG=1",
					"$(inherited)",
				);
				GCC_WARN_64_TO_32_BIT_CONVERSION = YES;
				GCC_WARN_ABOUT_RETURN_TYPE = YES_ERROR;
				GCC_WARN_UNDECLARED_SELECTOR = YES;
				GCC_WARN_UNINITIALIZED_AUTOS = YES_AGGRESSIVE;
				GCC_WARN_UNUSED_FUNCTION = YES;
				GCC_WARN_UNUSED_VARIABLE = YES;
				IPHONEOS_DEPLOYMENT_TARGET = 10.3;
				MTL_ENABLE_DEBUG_INFO = YES;
				ONLY_ACTIVE_ARCH = YES;
				SDKROOT = iphoneos;
			};
			name = Debug;
		};
		677383481F1E0D480023FC06 /* Release */ = {
			isa = XCBuildConfiguration;
			buildSettings = {
				ALWAYS_SEARCH_USER_PATHS = NO;
				CLANG_ANALYZER_NONNULL = YES;
				CLANG_ANALYZER_NUMBER_OBJECT_CONVERSION = YES_AGGRESSIVE;
				CLANG_CXX_LANGUAGE_STANDARD = "gnu++0x";
				CLANG_CXX_LIBRARY = "libc++";
				CLANG_ENABLE_MODULES = YES;
				CLANG_ENABLE_OBJC_ARC = YES;
				CLANG_WARN_BOOL_CONVERSION = YES;
				CLANG_WARN_CONSTANT_CONVERSION = YES;
				CLANG_WARN_DIRECT_OBJC_ISA_USAGE = YES_ERROR;
				CLANG_WARN_DOCUMENTATION_COMMENTS = YES;
				CLANG_WARN_EMPTY_BODY = YES;
				CLANG_WARN_ENUM_CONVERSION = YES;
				CLANG_WARN_INFINITE_RECURSION = YES;
				CLANG_WARN_INT_CONVERSION = YES;
				CLANG_WARN_OBJC_ROOT_CLASS = YES_ERROR;
				CLANG_WARN_SUSPICIOUS_MOVE = YES;
				CLANG_WARN_UNREACHABLE_CODE = YES;
				CLANG_WARN__DUPLICATE_METHOD_MATCH = YES;
				"CODE_SIGN_IDENTITY[sdk=iphoneos*]" = "iPhone Developer";
				COPY_PHASE_STRIP = NO;
				DEBUG_INFORMATION_FORMAT = "dwarf-with-dsym";
				ENABLE_NS_ASSERTIONS = NO;
				ENABLE_STRICT_OBJC_MSGSEND = YES;
				GCC_C_LANGUAGE_STANDARD = gnu99;
				GCC_NO_COMMON_BLOCKS = YES;
				GCC_WARN_64_TO_32_BIT_CONVERSION = YES;
				GCC_WARN_ABOUT_RETURN_TYPE = YES_ERROR;
				GCC_WARN_UNDECLARED_SELECTOR = YES;
				GCC_WARN_UNINITIALIZED_AUTOS = YES_AGGRESSIVE;
				GCC_WARN_UNUSED_FUNCTION = YES;
				GCC_WARN_UNUSED_VARIABLE = YES;
				IPHONEOS_DEPLOYMENT_TARGET = 10.3;
				MTL_ENABLE_DEBUG_INFO = NO;
				SDKROOT = iphoneos;
				VALIDATE_PRODUCT = YES;
			};
			name = Release;
		};
		6773834A1F1E0D480023FC06 /* Debug */ = {
			isa = XCBuildConfiguration;
			buildSettings = {
				ASSETCATALOG_COMPILER_APPICON_NAME = AppIcon;
				DEVELOPMENT_TEAM = NN3YM25JE4;
				INFOPLIST_FILE = DanMu/Info.plist;
				LD_RUNPATH_SEARCH_PATHS = "$(inherited) @executable_path/Frameworks";
				PRODUCT_BUNDLE_IDENTIFIER = com.zintao.DanMu;
				PRODUCT_NAME = "$(TARGET_NAME)";
			};
			name = Debug;
		};
		6773834B1F1E0D480023FC06 /* Release */ = {
			isa = XCBuildConfiguration;
			buildSettings = {
				ASSETCATALOG_COMPILER_APPICON_NAME = AppIcon;
				DEVELOPMENT_TEAM = NN3YM25JE4;
				INFOPLIST_FILE = DanMu/Info.plist;
				LD_RUNPATH_SEARCH_PATHS = "$(inherited) @executable_path/Frameworks";
				PRODUCT_BUNDLE_IDENTIFIER = com.zintao.DanMu;
				PRODUCT_NAME = "$(TARGET_NAME)";
			};
			name = Release;
		};
/* End XCBuildConfiguration section */

/* Begin XCConfigurationList section */
		6773832D1F1E0D480023FC06 /* Build configuration list for PBXProject "DanMu" */ = {
			isa = XCConfigurationList;
			buildConfigurations = (
				677383471F1E0D480023FC06 /* Debug */,
				677383481F1E0D480023FC06 /* Release */,
			);
			defaultConfigurationIsVisible = 0;
			defaultConfigurationName = Release;
		};
		677383491F1E0D480023FC06 /* Build configuration list for PBXNativeTarget "DanMu" */ = {
			isa = XCConfigurationList;
			buildConfigurations = (
				6773834A1F1E0D480023FC06 /* Debug */,
				6773834B1F1E0D480023FC06 /* Release */,
			);
			defaultConfigurationIsVisible = 0;
		};
/* End XCConfigurationList section */
	};
	rootObject = 6773832A1F1E0D480023FC06 /* Project object */;
}
